
Microsoft Visual Studio Solution File, Format Version 12.00
# Visual Studio Version 16
VisualStudioVersion = 16.0.31129.286
MinimumVisualStudioVersion = 10.0.40219.1
Project("{9A19103F-16F7-4668-BE54-9A1E7A4F7556}") = "PapagoFunction", "PapagoFunction\PapagoFunction.csproj", "{61CA72A7-3DD4-4AD6-AF0D-26BB4E8885EB}"
EndProject
Global
	GlobalSection(SolutionConfigurationPlatforms) = preSolution
		Debug|Any CPU = Debug|Any CPU
		Release|Any CPU = Release|Any CPU
	EndGlobalSection
	GlobalSection(ProjectConfigurationPlatforms) = postSolution
		{61CA72A7-3DD4-4AD6-AF0D-26BB4E8885EB}.Debug|Any CPU.ActiveCfg = Debug|Any CPU
		{61CA72A7-3DD4-4AD6-AF0D-26BB4E8885EB}.Debug|Any CPU.Build.0 = Debug|Any CPU
		{61CA72A7-3DD4-4AD6-AF0D-26BB4E8885EB}.Release|Any CPU.ActiveCfg = Release|Any CPU
		{61CA72A7-3DD4-4AD6-AF0D-26BB4E8885EB}.Release|Any CPU.Build.0 = Release|Any CPU
	EndGlobalSection
	GlobalSection(SolutionProperties) = preSolution
		HideSolutionNode = FALSE
	EndGlobalSection
	GlobalSection(ExtensibilityGlobals) = postSolution
		SolutionGuid = {7F5A381C-F8AA-43E2-A411-64AB366C0D95}
	EndGlobalSection
EndGlobal
